// !$*UTF8*$!
{
	archiveVersion = 1;
	classes = {
	};
	objectVersion = 55;
	objects = {

/* Begin PBXBuildFile section */
		6A28BF852ACC734600183A37 /* LittleLemonRestaurantApp.swift in Sources */ = {isa = PBXBuildFile; fileRef = 6A28BF842ACC734600183A37 /* LittleLemonRestaurantApp.swift */; };
		6A28BF892ACC734E00183A37 /* Assets.xcassets in Resources */ = {isa = PBXBuildFile; fileRef = 6A28BF882ACC734E00183A37 /* Assets.xcassets */; };
		6A28BF8C2ACC734E00183A37 /* Preview Assets.xcassets in Resources */ = {isa = PBXBuildFile; fileRef = 6A28BF8B2ACC734E00183A37 /* Preview Assets.xcassets */; };
		6A28BF932ACC740C00183A37 /* ContentView.swift in Sources */ = {isa = PBXBuildFile; fileRef = 6A28BF922ACC740C00183A37 /* ContentView.swift */; };
		6A28BF952ACC742400183A37 /* Onboarding.swift in Sources */ = {isa = PBXBuildFile; fileRef = 6A28BF942ACC742300183A37 /* Onboarding.swift */; };
		6A28BF972ACC745A00183A37 /* Home.swift in Sources */ = {isa = PBXBuildFile; fileRef = 6A28BF962ACC745A00183A37 /* Home.swift */; };
		6A28BF992ACC748700183A37 /* Persistence.swift in Sources */ = {isa = PBXBuildFile; fileRef = 6A28BF982ACC748700183A37 /* Persistence.swift */; };
		6A28BF9B2ACC74A800183A37 /* UserProfile.swift in Sources */ = {isa = PBXBuildFile; fileRef = 6A28BF9A2ACC74A800183A37 /* UserProfile.swift */; };
		6A28BF9D2ACC74D500183A37 /* Menu.swift in Sources */ = {isa = PBXBuildFile; fileRef = 6A28BF9C2ACC74D400183A37 /* Menu.swift */; };
		6A28BFA02ACC751400183A37 /* MenuList.swift in Sources */ = {isa = PBXBuildFile; fileRef = 6A28BF9E2ACC751400183A37 /* MenuList.swift */; };
		6A28BFA12ACC751400183A37 /* MenuItem.swift in Sources */ = {isa = PBXBuildFile; fileRef = 6A28BF9F2ACC751400183A37 /* MenuItem.swift */; };
		6A28BFA32ACC753400183A37 /* FetchedObjects.swift in Sources */ = {isa = PBXBuildFile; fileRef = 6A28BFA22ACC753400183A37 /* FetchedObjects.swift */; };
		6A28BFA62ACC754C00183A37 /* ExampleDatabase.xcdatamodeld in Sources */ = {isa = PBXBuildFile; fileRef = 6A28BFA42ACC754C00183A37 /* ExampleDatabase.xcdatamodeld */; };
		6A28BFA92ACC757500183A37 /* Dish+CoreDataClass.swift in Sources */ = {isa = PBXBuildFile; fileRef = 6A28BFA72ACC757500183A37 /* Dish+CoreDataClass.swift */; };
		6A28BFAA2ACC757500183A37 /* Dish+CoreDataProperties.swift in Sources */ = {isa = PBXBuildFile; fileRef = 6A28BFA82ACC757500183A37 /* Dish+CoreDataProperties.swift */; };
		6AF4CA7E2ACDB15C00035007 /* Model.swift in Sources */ = {isa = PBXBuildFile; fileRef = 6AF4CA7D2ACDB15C00035007 /* Model.swift */; };
		6AF4CA822ACDC63100035007 /* Hero.swift in Sources */ = {isa = PBXBuildFile; fileRef = 6AF4CA812ACDC63100035007 /* Hero.swift */; };
		6AF4CA842ACE140600035007 /* CheckBox.swift in Sources */ = {isa = PBXBuildFile; fileRef = 6AF4CA832ACE140600035007 /* CheckBox.swift */; };
/* End PBXBuildFile section */

/* Begin PBXFileReference section */
		6A28BF812ACC734600183A37 /* LittleLemonRestaurant.app */ = {isa = PBXFileReference; explicitFileType = wrapper.application; includeInIndex = 0; path = LittleLemonRestaurant.app; sourceTree = BUILT_PRODUCTS_DIR; };
		6A28BF842ACC734600183A37 /* LittleLemonRestaurantApp.swift */ = {isa = PBXFileReference; lastKnownFileType = sourcecode.swift; path = LittleLemonRestaurantApp.swift; sourceTree = "<group>"; };
		6A28BF882ACC734E00183A37 /* Assets.xcassets */ = {isa = PBXFileReference; lastKnownFileType = folder.assetcatalog; path = Assets.xcassets; sourceTree = "<group>"; };
		6A28BF8B2ACC734E00183A37 /* Preview Assets.xcassets */ = {isa = PBXFileReference; lastKnownFileType = folder.assetcatalog; path = "Preview Assets.xcassets"; sourceTree = "<group>"; };
		6A28BF922ACC740C00183A37 /* ContentView.swift */ = {isa = PBXFileReference; fileEncoding = 4; lastKnownFileType = sourcecode.swift; path = ContentView.swift; sourceTree = "<group>"; };
		6A28BF942ACC742300183A37 /* Onboarding.swift */ = {isa = PBXFileReference; fileEncoding = 4; lastKnownFileType = sourcecode.swift; path = Onboarding.swift; sourceTree = "<group>"; };
		6A28BF962ACC745A00183A37 /* Home.swift */ = {isa = PBXFileReference; fileEncoding = 4; lastKnownFileType = sourcecode.swift; path = Home.swift; sourceTree = "<group>"; };
		6A28BF982ACC748700183A37 /* Persistence.swift */ = {isa = PBXFileReference; fileEncoding = 4; lastKnownFileType = sourcecode.swift; path = Persistence.swift; sourceTree = "<group>"; };
		6A28BF9A2ACC74A800183A37 /* UserProfile.swift */ = {isa = PBXFileReference; fileEncoding = 4; lastKnownFileType = sourcecode.swift; path = UserProfile.swift; sourceTree = "<group>"; };
		6A28BF9C2ACC74D400183A37 /* Menu.swift */ = {isa = PBXFileReference; fileEncoding = 4; lastKnownFileType = sourcecode.swift; path = Menu.swift; sourceTree = "<group>"; };
		6A28BF9E2ACC751400183A37 /* MenuList.swift */ = {isa = PBXFileReference; fileEncoding = 4; lastKnownFileType = sourcecode.swift; path = MenuList.swift; sourceTree = "<group>"; };
		6A28BF9F2ACC751400183A37 /* MenuItem.swift */ = {isa = PBXFileReference; fileEncoding = 4; lastKnownFileType = sourcecode.swift; path = MenuItem.swift; sourceTree = "<group>"; };
		6A28BFA22ACC753400183A37 /* FetchedObjects.swift */ = {isa = PBXFileReference; fileEncoding = 4; lastKnownFileType = sourcecode.swift; path = FetchedObjects.swift; sourceTree = "<group>"; };
		6A28BFA52ACC754C00183A37 /* ExampleDatabase.xcdatamodel */ = {isa = PBXFileReference; lastKnownFileType = wrapper.xcdatamodel; path = ExampleDatabase.xcdatamodel; sourceTree = "<group>"; };
		6A28BFA72ACC757500183A37 /* Dish+CoreDataClass.swift */ = {isa = PBXFileReference; lastKnownFileType = sourcecode.swift; path = "Dish+CoreDataClass.swift"; sourceTree = SOURCE_ROOT; };
		6A28BFA82ACC757500183A37 /* Dish+CoreDataProperties.swift */ = {isa = PBXFileReference; lastKnownFileType = sourcecode.swift; path = "Dish+CoreDataProperties.swift"; sourceTree = SOURCE_ROOT; };
		6AF4CA7D2ACDB15C00035007 /* Model.swift */ = {isa = PBXFileReference; lastKnownFileType = sourcecode.swift; path = Model.swift; sourceTree = "<group>"; };
		6AF4CA812ACDC63100035007 /* Hero.swift */ = {isa = PBXFileReference; lastKnownFileType = sourcecode.swift; path = Hero.swift; sourceTree = "<group>"; };
		6AF4CA832ACE140600035007 /* CheckBox.swift */ = {isa = PBXFileReference; lastKnownFileType = sourcecode.swift; path = CheckBox.swift; sourceTree = "<group>"; };
/* End PBXFileReference section */

/* Begin PBXFrameworksBuildPhase section */
		6A28BF7E2ACC734600183A37 /* Frameworks */ = {
			isa = PBXFrameworksBuildPhase;
			buildActionMask = 2147483647;
			files = (
			);
			runOnlyForDeploymentPostprocessing = 0;
		};
/* End PBXFrameworksBuildPhase section */

/* Begin PBXGroup section */
		6A28BF782ACC734600183A37 = {
			isa = PBXGroup;
			children = (
				6A28BF832ACC734600183A37 /* LittleLemonRestaurant */,
				6A28BF822ACC734600183A37 /* Products */,
			);
			sourceTree = "<group>";
		};
		6A28BF822ACC734600183A37 /* Products */ = {
			isa = PBXGroup;
			children = (
				6A28BF812ACC734600183A37 /* LittleLemonRestaurant.app */,
			);
			name = Products;
			sourceTree = "<group>";
		};
		6A28BF832ACC734600183A37 /* LittleLemonRestaurant */ = {
			isa = PBXGroup;
			children = (
				6AF4CA852ACE21AB00035007 /* USER PROFILE */,
				6A28BFA72ACC757500183A37 /* Dish+CoreDataClass.swift */,
				6A28BFA82ACC757500183A37 /* Dish+CoreDataProperties.swift */,
				6A28BF842ACC734600183A37 /* LittleLemonRestaurantApp.swift */,
				6A28BF962ACC745A00183A37 /* Home.swift */,
				6AF4CA812ACDC63100035007 /* Hero.swift */,
				6A28BF9A2ACC74A800183A37 /* UserProfile.swift */,
				6AF4CA832ACE140600035007 /* CheckBox.swift */,
				6AF4CA7D2ACDB15C00035007 /* Model.swift */,
				6A28BF922ACC740C00183A37 /* ContentView.swift */,
				6A28BF982ACC748700183A37 /* Persistence.swift */,
				6A28BF9C2ACC74D400183A37 /* Menu.swift */,
				6A28BF9F2ACC751400183A37 /* MenuItem.swift */,
				6A28BF9E2ACC751400183A37 /* MenuList.swift */,
				6A28BFA42ACC754C00183A37 /* ExampleDatabase.xcdatamodeld */,
				6A28BFA22ACC753400183A37 /* FetchedObjects.swift */,
				6A28BF942ACC742300183A37 /* Onboarding.swift */,
				6A28BF882ACC734E00183A37 /* Assets.xcassets */,
				6A28BF8A2ACC734E00183A37 /* Preview Content */,
			);
			path = LittleLemonRestaurant;
			sourceTree = "<group>";
		};
		6A28BF8A2ACC734E00183A37 /* Preview Content */ = {
			isa = PBXGroup;
			children = (
				6A28BF8B2ACC734E00183A37 /* Preview Assets.xcassets */,
			);
			path = "Preview Content";
			sourceTree = "<group>";
		};
		6AF4CA852ACE21AB00035007 /* USER PROFILE */ = {
			isa = PBXGroup;
			children = (
			);
			path = "USER PROFILE";
			sourceTree = "<group>";
		};
/* End PBXGroup section */

/* Begin PBXNativeTarget section */
		6A28BF802ACC734600183A37 /* LittleLemonRestaurant */ = {
			isa = PBXNativeTarget;
			buildConfigurationList = 6A28BF8F2ACC734E00183A37 /* Build configuration list for PBXNativeTarget "LittleLemonRestaurant" */;
			buildPhases = (
				6A28BF7D2ACC734600183A37 /* Sources */,
				6A28BF7E2ACC734600183A37 /* Frameworks */,
				6A28BF7F2ACC734600183A37 /* Resources */,
			);
			buildRules = (
			);
			dependencies = (
			);
			name = LittleLemonRestaurant;
			productName = LittleLemonRestaurant;
			productReference = 6A28BF812ACC734600183A37 /* LittleLemonRestaurant.app */;
			productType = "com.apple.product-type.application";
		};
/* End PBXNativeTarget section */

/* Begin PBXProject section */
		6A28BF792ACC734600183A37 /* Project object */ = {
			isa = PBXProject;
			attributes = {
				BuildIndependentTargetsInParallel = 1;
				LastSwiftUpdateCheck = 1340;
				LastUpgradeCheck = 1340;
				TargetAttributes = {
					6A28BF802ACC734600183A37 = {
						CreatedOnToolsVersion = 13.4.1;
					};
				};
			};
			buildConfigurationList = 6A28BF7C2ACC734600183A37 /* Build configuration list for PBXProject "LittleLemonRestaurant" */;
			compatibilityVersion = "Xcode 13.0";
			developmentRegion = en;
			hasScannedForEncodings = 0;
			knownRegions = (
				en,
				Base,
			);
			mainGroup = 6A28BF782ACC734600183A37;
			productRefGroup = 6A28BF822ACC734600183A37 /* Products */;
			projectDirPath = "";
			projectRoot = "";
			targets = (
				6A28BF802ACC734600183A37 /* LittleLemonRestaurant */,
			);
		};
/* End PBXProject section */

/* Begin PBXResourcesBuildPhase section */
		6A28BF7F2ACC734600183A37 /* Resources */ = {
			isa = PBXResourcesBuildPhase;
			buildActionMask = 2147483647;
			files = (
				6A28BF8C2ACC734E00183A37 /* Preview Assets.xcassets in Resources */,
				6A28BF892ACC734E00183A37 /* Assets.xcassets in Resources */,
			);
			runOnlyForDeploymentPostprocessing = 0;
		};
/* End PBXResourcesBuildPhase section */

/* Begin PBXSourcesBuildPhase section */
		6A28BF7D2ACC734600183A37 /* Sources */ = {
			isa = PBXSourcesBuildPhase;
			buildActionMask = 2147483647;
			files = (
				6AF4CA842ACE140600035007 /* CheckBox.swift in Sources */,
				6A28BFA62ACC754C00183A37 /* ExampleDatabase.xcdatamodeld in Sources */,
				6A28BF952ACC742400183A37 /* Onboarding.swift in Sources */,
				6A28BFAA2ACC757500183A37 /* Dish+CoreDataProperties.swift in Sources */,
				6A28BF932ACC740C00183A37 /* ContentView.swift in Sources */,
				6A28BFA02ACC751400183A37 /* MenuList.swift in Sources */,
				6AF4CA822ACDC63100035007 /* Hero.swift in Sources */,
				6A28BF9D2ACC74D500183A37 /* Menu.swift in Sources */,
				6A28BF9B2ACC74A800183A37 /* UserProfile.swift in Sources */,
				6AF4CA7E2ACDB15C00035007 /* Model.swift in Sources */,
				6A28BF972ACC745A00183A37 /* Home.swift in Sources */,
				6A28BFA92ACC757500183A37 /* Dish+CoreDataClass.swift in Sources */,
				6A28BFA12ACC751400183A37 /* MenuItem.swift in Sources */,
				6A28BF852ACC734600183A37 /* LittleLemonRestaurantApp.swift in Sources */,
				6A28BFA32ACC753400183A37 /* FetchedObjects.swift in Sources */,
				6A28BF992ACC748700183A37 /* Persistence.swift in Sources */,
			);
			runOnlyForDeploymentPostprocessing = 0;
		};
/* End PBXSourcesBuildPhase section */

/* Begin XCBuildConfiguration section */
		6A28BF8D2ACC734E00183A37 /* Debug */ = {
			isa = XCBuildConfiguration;
			buildSettings = {
				ALWAYS_SEARCH_USER_PATHS = NO;
				CLANG_ANALYZER_NONNULL = YES;
				CLANG_ANALYZER_NUMBER_OBJECT_CONVERSION = YES_AGGRESSIVE;
				CLANG_CXX_LANGUAGE_STANDARD = "gnu++17";
				CLANG_ENABLE_MODULES = YES;
				CLANG_ENABLE_OBJC_ARC = YES;
				CLANG_ENABLE_OBJC_WEAK = YES;
				CLANG_WARN_BLOCK_CAPTURE_AUTORELEASING = YES;
				CLANG_WARN_BOOL_CONVERSION = YES;
				CLANG_WARN_COMMA = YES;
				CLANG_WARN_CONSTANT_CONVERSION = YES;
				CLANG_WARN_DEPRECATED_OBJC_IMPLEMENTATIONS = YES;
				CLANG_WARN_DIRECT_OBJC_ISA_USAGE = YES_ERROR;
				CLANG_WARN_DOCUMENTATION_COMMENTS = YES;
				CLANG_WARN_EMPTY_BODY = YES;
				CLANG_WARN_ENUM_CONVERSION = YES;
				CLANG_WARN_INFINITE_RECURSION = YES;
				CLANG_WARN_INT_CONVERSION = YES;
				CLANG_WARN_NON_LITERAL_NULL_CONVERSION = YES;
				CLANG_WARN_OBJC_IMPLICIT_RETAIN_SELF = YES;
				CLANG_WARN_OBJC_LITERAL_CONVERSION = YES;
				CLANG_WARN_OBJC_ROOT_CLASS = YES_ERROR;
				CLANG_WARN_QUOTED_INCLUDE_IN_FRAMEWORK_HEADER = YES;
				CLANG_WARN_RANGE_LOOP_ANALYSIS = YES;
				CLANG_WARN_STRICT_PROTOTYPES = YES;
				CLANG_WARN_SUSPICIOUS_MOVE = YES;
				CLANG_WARN_UNGUARDED_AVAILABILITY = YES_AGGRESSIVE;
				CLANG_WARN_UNREACHABLE_CODE = YES;
				CLANG_WARN__DUPLICATE_METHOD_MATCH = YES;
				COPY_PHASE_STRIP = NO;
				DEBUG_INFORMATION_FORMAT = dwarf;
				ENABLE_STRICT_OBJC_MSGSEND = YES;
				ENABLE_TESTABILITY = YES;
				GCC_C_LANGUAGE_STANDARD = gnu11;
				GCC_DYNAMIC_NO_PIC = NO;
				GCC_NO_COMMON_BLOCKS = YES;
				GCC_OPTIMIZATION_LEVEL = 0;
				GCC_PREPROCESSOR_DEFINITIONS = (
					"DEBUG=1",
					"$(inherited)",
				);
				GCC_WARN_64_TO_32_BIT_CONVERSION = YES;
				GCC_WARN_ABOUT_RETURN_TYPE = YES_ERROR;
				GCC_WARN_UNDECLARED_SELECTOR = YES;
				GCC_WARN_UNINITIALIZED_AUTOS = YES_AGGRESSIVE;
				GCC_WARN_UNUSED_FUNCTION = YES;
				GCC_WARN_UNUSED_VARIABLE = YES;
				IPHONEOS_DEPLOYMENT_TARGET = 15.5;
				MTL_ENABLE_DEBUG_INFO = INCLUDE_SOURCE;
				MTL_FAST_MATH = YES;
				ONLY_ACTIVE_ARCH = YES;
				SDKROOT = iphoneos;
				SWIFT_ACTIVE_COMPILATION_CONDITIONS = DEBUG;
				SWIFT_OPTIMIZATION_LEVEL = "-Onone";
			};
			name = Debug;
		};
		6A28BF8E2ACC734E00183A37 /* Release */ = {
			isa = XCBuildConfiguration;
			buildSettings = {
				ALWAYS_SEARCH_USER_PATHS = NO;
				CLANG_ANALYZER_NONNULL = YES;
				CLANG_ANALYZER_NUMBER_OBJECT_CONVERSION = YES_AGGRESSIVE;
				CLANG_CXX_LANGUAGE_STANDARD = "gnu++17";
				CLANG_ENABLE_MODULES = YES;
				CLANG_ENABLE_OBJC_ARC = YES;
				CLANG_ENABLE_OBJC_WEAK = YES;
				CLANG_WARN_BLOCK_CAPTURE_AUTORELEASING = YES;
				CLANG_WARN_BOOL_CONVERSION = YES;
				CLANG_WARN_COMMA = YES;
				CLANG_WARN_CONSTANT_CONVERSION = YES;
				CLANG_WARN_DEPRECATED_OBJC_IMPLEMENTATIONS = YES;
				CLANG_WARN_DIRECT_OBJC_ISA_USAGE = YES_ERROR;
				CLANG_WARN_DOCUMENTATION_COMMENTS = YES;
				CLANG_WARN_EMPTY_BODY = YES;
				CLANG_WARN_ENUM_CONVERSION = YES;
				CLANG_WARN_INFINITE_RECURSION = YES;
				CLANG_WARN_INT_CONVERSION = YES;
				CLANG_WARN_NON_LITERAL_NULL_CONVERSION = YES;
				CLANG_WARN_OBJC_IMPLICIT_RETAIN_SELF = YES;
				CLANG_WARN_OBJC_LITERAL_CONVERSION = YES;
				CLANG_WARN_OBJC_ROOT_CLASS = YES_ERROR;
				CLANG_WARN_QUOTED_INCLUDE_IN_FRAMEWORK_HEADER = YES;
				CLANG_WARN_RANGE_LOOP_ANALYSIS = YES;
				CLANG_WARN_STRICT_PROTOTYPES = YES;
				CLANG_WARN_SUSPICIOUS_MOVE = YES;
				CLANG_WARN_UNGUARDED_AVAILABILITY = YES_AGGRESSIVE;
				CLANG_WARN_UNREACHABLE_CODE = YES;
				CLANG_WARN__DUPLICATE_METHOD_MATCH = YES;
				COPY_PHASE_STRIP = NO;
				DEBUG_INFORMATION_FORMAT = "dwarf-with-dsym";
				ENABLE_NS_ASSERTIONS = NO;
				ENABLE_STRICT_OBJC_MSGSEND = YES;
				GCC_C_LANGUAGE_STANDARD = gnu11;
				GCC_NO_COMMON_BLOCKS = YES;
				GCC_WARN_64_TO_32_BIT_CONVERSION = YES;
				GCC_WARN_ABOUT_RETURN_TYPE = YES_ERROR;
				GCC_WARN_UNDECLARED_SELECTOR = YES;
				GCC_WARN_UNINITIALIZED_AUTOS = YES_AGGRESSIVE;
				GCC_WARN_UNUSED_FUNCTION = YES;
				GCC_WARN_UNUSED_VARIABLE = YES;
				IPHONEOS_DEPLOYMENT_TARGET = 15.5;
				MTL_ENABLE_DEBUG_INFO = NO;
				MTL_FAST_MATH = YES;
				SDKROOT = iphoneos;
				SWIFT_COMPILATION_MODE = wholemodule;
				SWIFT_OPTIMIZATION_LEVEL = "-O";
				VALIDATE_PRODUCT = YES;
			};
			name = Release;
		};
		6A28BF902ACC734E00183A37 /* Debug */ = {
			isa = XCBuildConfiguration;
			buildSettings = {
				ASSETCATALOG_COMPILER_APPICON_NAME = AppIcon;
				ASSETCATALOG_COMPILER_GLOBAL_ACCENT_COLOR_NAME = AccentColor;
				CODE_SIGN_STYLE = Automatic;
				CURRENT_PROJECT_VERSION = 1;
				DEVELOPMENT_ASSET_PATHS = "\"LittleLemonRestaurant/Preview Content\"";
				DEVELOPMENT_TEAM = V9JMYT763N;
				ENABLE_PREVIEWS = YES;
				GENERATE_INFOPLIST_FILE = YES;
				INFOPLIST_KEY_UIApplicationSceneManifest_Generation = YES;
				INFOPLIST_KEY_UIApplicationSupportsIndirectInputEvents = YES;
				INFOPLIST_KEY_UILaunchScreen_Generation = YES;
				INFOPLIST_KEY_UISupportedInterfaceOrientations_iPad = "UIInterfaceOrientationPortrait UIInterfaceOrientationPortraitUpsideDown UIInterfaceOrientationLandscapeLeft UIInterfaceOrientationLandscapeRight";
				INFOPLIST_KEY_UISupportedInterfaceOrientations_iPhone = "UIInterfaceOrientationPortrait UIInterfaceOrientationLandscapeLeft UIInterfaceOrientationLandscapeRight";
				LD_RUNPATH_SEARCH_PATHS = (
					"$(inherited)",
					"@executable_path/Frameworks",
				);
				MARKETING_VERSION = 1.0;
				PRODUCT_BUNDLE_IDENTIFIER = com.cmdcad.capstone.LittleLemonRestaurant;
				PRODUCT_NAME = "$(TARGET_NAME)";
				SWIFT_EMIT_LOC_STRINGS = YES;
				SWIFT_VERSION = 5.0;
				TARGETED_DEVICE_FAMILY = "1,2";
			};
			name = Debug;
		};
		6A28BF912ACC734E00183A37 /* Release */ = {
			isa = XCBuildConfiguration;
			buildSettings = {
				ASSETCATALOG_COMPILER_APPICON_NAME = AppIcon;
				ASSETCATALOG_COMPILER_GLOBAL_ACCENT_COLOR_NAME = AccentColor;
				CODE_SIGN_STYLE = Automatic;
				CURRENT_PROJECT_VERSION = 1;
				DEVELOPMENT_ASSET_PATHS = "\"LittleLemonRestaurant/Preview Content\"";
				DEVELOPMENT_TEAM = V9JMYT763N;
				ENABLE_PREVIEWS = YES;
				GENERATE_INFOPLIST_FILE = YES;
				INFOPLIST_KEY_UIApplicationSceneManifest_Generation = YES;
				INFOPLIST_KEY_UIApplicationSupportsIndirectInputEvents = YES;
				INFOPLIST_KEY_UILaunchScreen_Generation = YES;
				INFOPLIST_KEY_UISupportedInterfaceOrientations_iPad = "UIInterfaceOrientationPortrait UIInterfaceOrientationPortraitUpsideDown UIInterfaceOrientationLandscapeLeft UIInterfaceOrientationLandscapeRight";
				INFOPLIST_KEY_UISupportedInterfaceOrientations_iPhone = "UIInterfaceOrientationPortrait UIInterfaceOrientationLandscapeLeft UIInterfaceOrientationLandscapeRight";
				LD_RUNPATH_SEARCH_PATHS = (
					"$(inherited)",
					"@executable_path/Frameworks",
				);
				MARKETING_VERSION = 1.0;
				PRODUCT_BUNDLE_IDENTIFIER = com.cmdcad.capstone.LittleLemonRestaurant;
				PRODUCT_NAME = "$(TARGET_NAME)";
				SWIFT_EMIT_LOC_STRINGS = YES;
				SWIFT_VERSION = 5.0;
				TARGETED_DEVICE_FAMILY = "1,2";
			};
			name = Release;
		};
/* End XCBuildConfiguration section */

/* Begin XCConfigurationList section */
		6A28BF7C2ACC734600183A37 /* Build configuration list for PBXProject "LittleLemonRestaurant" */ = {
			isa = XCConfigurationList;
			buildConfigurations = (
				6A28BF8D2ACC734E00183A37 /* Debug */,
				6A28BF8E2ACC734E00183A37 /* Release */,
			);
			defaultConfigurationIsVisible = 0;
			defaultConfigurationName = Release;
		};
		6A28BF8F2ACC734E00183A37 /* Build configuration list for PBXNativeTarget "LittleLemonRestaurant" */ = {
			isa = XCConfigurationList;
			buildConfigurations = (
				6A28BF902ACC734E00183A37 /* Debug */,
				6A28BF912ACC734E00183A37 /* Release */,
			);
			defaultConfigurationIsVisible = 0;
			defaultConfigurationName = Release;
		};
/* End XCConfigurationList section */

/* Begin XCVersionGroup section */
		6A28BFA42ACC754C00183A37 /* ExampleDatabase.xcdatamodeld */ = {
			isa = XCVersionGroup;
			children = (
				6A28BFA52ACC754C00183A37 /* ExampleDatabase.xcdatamodel */,
			);
			currentVersion = 6A28BFA52ACC754C00183A37 /* ExampleDatabase.xcdatamodel */;
			path = ExampleDatabase.xcdatamodeld;
			sourceTree = "<group>";
			versionGroupType = wrapper.xcdatamodel;
		};
/* End XCVersionGroup section */
	};
	rootObject = 6A28BF792ACC734600183A37 /* Project object */;
}
